{
    "_meta": {
        "hash": {
            "sha256": "0c4f6e1dc35e76649daee7ba41884fa5a3a9706bdd38e29b5eb5fe89c6831ca3"
        },
        "pipfile-spec": 6,
        "requires": {
            "python_version": "3.7"
        },
        "sources": [
            {
                "name": "pypi",
                "url": "https://pypi.org/simple",
                "verify_ssl": true
            }
        ]
    },
    "default": {
        "alembic": {
            "hashes": [
                "sha256:505d41e01dc0c9e6d85c116d0d35dbb0a833dcb490bf483b75abeb06648864e8"
            ],
            "index": "pypi",
            "version": "==1.0.8"
        },
        "aniso8601": {
            "hashes": [
                "sha256:b8a6a9b24611fc50cf2d9b45d371bfdc4fd0581d1cc52254f5502130a776d4af",
                "sha256:bb167645c79f7a438f9dfab6161af9bed75508c645b1f07d1158240841d22673"
            ],
            "version": "==6.0.0"
        },
        "bitarray": {
            "hashes": [
                "sha256:050cd30b810ddb3aa941e7ddfbe0d8065e793012d0a88cb5739ec23624b9895e"
            ],
            "version": "==0.8.3"
        },
        "brighthive-authlib": {
            "hashes": [
                "sha256:181842c665cceecfa8d501b3ac361c03ce0ac187678d2974225fbbf98a09b3ba",
                "sha256:a19db21374736ed4ba58dfac1adfabbc2551f11fd1cd40d810ded7805205ee7c"
            ],
            "index": "pypi",
            "version": "==1.0.3"
        },
        "cchardet": {
            "hashes": [
                "sha256:079aa02a14072874d943a671ba778a9def5b0e3cedc2ac9f59308526cfb31472",
                "sha256:3e048a21688dcb4c797f40c8deb3600887bcaf435620256fd8becd4252012750",
                "sha256:41fced7a6f05ef859fe3eac89fc2120aca3cbbfd2b6c803bed3ee4bf02956903",
                "sha256:440903d5dca3d326f4b841e7fa760b6af1be4f950ead1a6ff77b76eaa46f0cd3",
                "sha256:50170f346527c5df4d3cb94648ca187c666e61c0db6e510b984e867c44709d8b",
                "sha256:6c55a6e7bc7337671c9f1ad90746c0efb2b2979ff4305c7ca1d7d381f05174c1",
                "sha256:7f581ea172b252034f745dfd49733966b73b73907bdef0b47ad5f2008b797d54",
                "sha256:80f7b087198827e60c81574c321b12f89188eae626ae1567d66808928be42f88",
                "sha256:8ba753ff73ca2f3554999a0e027eab9450f6ffdb7e92e1b4e13b52be89995349",
                "sha256:9ad8f61d6d1ca37bd4b954ad92d461ea4f58d0dc413b0790a5abed7c09e54996",
                "sha256:a35bd23cedbaa87cc9300af1dd10bb03fda41894045fbca7bfdf1d350b813f25",
                "sha256:a8feb9a7def2310e18c27e485a21a38669abe8c2e36b93c6ce1a1363495d4cdf",
                "sha256:aa9dd4cee8a5210a6d0a7b263b98dc50637e00401fc4a5ad3ce2dbef54fdfa02",
                "sha256:ab9858a0673262e467619df91f425cfef0590dcf5deef5c0c7945e9dc4dbd7d8",
                "sha256:b09a488bbb35be95f82845e3c4312be9025e8377975b027eee67e0b39445e070",
                "sha256:b2893d558761b3534cddf5a49ba8d77df3d8f964d7b14680b925f4a85fc13476",
                "sha256:b5a8f9b229a30cd2432572d15e169483bc47c24418772ff58d0585050631c2fd",
                "sha256:bded54eeccd5f810bc69e076b3d9a35819a92e5e0559ad274b9ae9061b1b881d",
                "sha256:cbc206061e69561af6e4cba11f99abd928346c6b5bcdc83eb32ae40e9fc23a5f",
                "sha256:cc9745e0400da4cfb49f075e7819f22473b66443f953427058fee2c7b9547cc0",
                "sha256:db30bf3825702c07fc55a290d41663fd8151f870642a15667bbabf81fff21e0b",
                "sha256:eeeb1b95bb5851dda93ee522860a0e6066d47921cb1d540cb778346e37e5a524",
                "sha256:f1c3919fb71ac5da3aeee42c5b731c99dcd2beed71db7fdc28ca993c173f0402"
            ],
            "version": "==2.1.4"
        },
        "certifi": {
            "hashes": [
                "sha256:59b7658e26ca9c7339e00f8f4636cdfe59d34fa37b9b04f6f9e9926b3cece1a5",
                "sha256:b26104d6835d1f5e49452a26eb2ff87fe7090b89dfcaee5ea2212697e1e1d7ae"
            ],
            "version": "==2019.3.9"
        },
        "chardet": {
            "hashes": [
                "sha256:84ab92ed1c4d4f16916e05906b6b75a6c0fb5db821cc65e70cbd64a3e2a5eaae",
                "sha256:fc323ffcaeaed0e0a02bf4d117757b98aed530d9ed4531e3e15460124c106691"
            ],
            "version": "==3.0.4"
        },
        "click": {
            "hashes": [
                "sha256:2335065e6395b9e67ca716de5f7526736bfa6ceead690adf616d925bdc622b13",
                "sha256:5b94b49521f6456670fdb30cd82a4eca9412788a93fa6dd6df72c94d5a8ff2d7"
            ],
            "version": "==7.0"
        },
        "ecdsa": {
            "hashes": [
                "sha256:40d002cf360d0e035cf2cb985e1308d41aaa087cbfc135b2dc2d844296ea546c",
                "sha256:64cf1ee26d1cde3c73c6d7d107f835fed7c6a2904aef9eac223d57ad800c43fa"
            ],
            "version": "==0.13"
        },
        "et-xmlfile": {
            "hashes": [
                "sha256:614d9722d572f6246302c4491846d2c393c199cfa4edc9af593437691683335b"
            ],
            "version": "==1.0.1"
        },
        "flask": {
            "hashes": [
                "sha256:2271c0070dbcb5275fad4a82e29f23ab92682dc45f9dfbc22c02ba9b9322ce48",
                "sha256:a080b744b7e345ccfcbc77954861cb05b3c63786e93f2b3875e0913d44b43f05"
            ],
            "index": "pypi",
            "version": "==1.0.2"
        },
        "flask-migrate": {
            "hashes": [
                "sha256:a361578cb829681f860e4de5ed2c48886264512f0c16144e404c36ddc95ab49c",
                "sha256:c24d105c5d6cc670de20f8cbfb909e04f4e04b8784d0df070005944de1f21549"
            ],
            "index": "pypi",
            "version": "==2.4.0"
        },
        "flask-restful": {
            "hashes": [
                "sha256:ecd620c5cc29f663627f99e04f17d1f16d095c83dc1d618426e2ad68b03092f8",
                "sha256:f8240ec12349afe8df1db168ea7c336c4e5b0271a36982bff7394f93275f2ca9"
            ],
            "index": "pypi",
            "version": "==0.3.7"
        },
        "flask-sqlalchemy": {
            "hashes": [
                "sha256:3bc0fac969dd8c0ace01b32060f0c729565293302f0c4269beed154b46bec50b",
                "sha256:5971b9852b5888655f11db634e87725a9031e170f37c0ce7851cf83497f56e53"
            ],
            "index": "pypi",
            "version": "==2.3.2"
        },
        "future": {
            "hashes": [
                "sha256:67045236dcfd6816dc439556d009594abf643e5eb48992e36beac09c2ca659b8"
            ],
            "version": "==0.17.1"
        },
        "gunicorn": {
            "hashes": [
                "sha256:aa8e0b40b4157b36a5df5e599f45c9c76d6af43845ba3b3b0efe2c70473c2471",
                "sha256:fa2662097c66f920f53f70621c6c58ca4a3c4d3434205e608e121b5b3b71f4f3"
            ],
            "index": "pypi",
            "version": "==19.9.0"
        },
        "idna": {
            "hashes": [
                "sha256:c357b3f628cf53ae2c4c05627ecc484553142ca23264e593d327bcde5e9c3407",
                "sha256:ea8b7f6188e6fa117537c3df7da9fc686d485087abf6ac197f9c46432f7e4a3c"
            ],
            "version": "==2.8"
        },
        "ijson": {
            "hashes": [
                "sha256:ef5f9f6bf9e44f2e1721e72bcc82c7ac6bb012b525e0f8642dedf7ddc44cf474",
                "sha256:eff9ce137698dcb565420497050955cb811892eb073ea1c09d92ecaf671bd7f7"
            ],
            "version": "==2.3"
        },
        "isodate": {
            "hashes": [
                "sha256:2e364a3d5759479cdb2d37cce6b9376ea504db2ff90252a2e5b7cc89cc9ff2d8",
                "sha256:aa4d33c06640f5352aca96e4b81afd8ab3b47337cc12089822d6f322ac772c81"
            ],
            "version": "==0.6.0"
        },
        "itsdangerous": {
            "hashes": [
                "sha256:321b033d07f2a4136d3ec762eac9f16a10ccd60f53c0c91af90217ace7ba1f19",
                "sha256:b12271b2047cb23eeb98c8b5622e2e5c5e9abd9784a153e9d8ef9cb4dd09d749"
            ],
            "version": "==1.1.0"
        },
        "jdcal": {
            "hashes": [
                "sha256:948fb8d079e63b4be7a69dd5f0cd618a0a57e80753de8248fd786a8a20658a07",
                "sha256:ea0a5067c5f0f50ad4c7bdc80abad3d976604f6fb026b0b3a17a9d84bb9046c9"
            ],
            "version": "==1.4"
        },
        "jinja2": {
            "hashes": [
                "sha256:065c4f02ebe7f7cf559e49ee5a95fb800a9e4528727aec6f24402a5374c65013",
                "sha256:14dd6caf1527abb21f08f86c784eac40853ba93edb79552aa1e4b8aef1b61c7b"
            ],
            "version": "==2.10.1"
        },
        "jsonlines": {
            "hashes": [
                "sha256:0ebd5b0c3efe0d4b5018b320fb0ee1a7b680ab39f6eb853715859f818d386cc8",
                "sha256:43b8d5588a9d4862c8a4a49580e38e20ec595aee7ad6fe469b10fb83fbefde88"
            ],
            "version": "==1.2.0"
        },
        "jsonschema": {
            "hashes": [
                "sha256:000e68abd33c972a5248544925a0cae7d1125f9bf6c58280d37546b946769a08",
                "sha256:6ff5f3180870836cae40f06fa10419f557208175f13ad7bc26caa77beb1f6e02"
            ],
            "version": "==2.6.0"
        },
        "linear-tsv": {
            "hashes": [
                "sha256:b504d78f4075615ae75de86a16e5680701a441fc84da2a2cf9f94351ab1ccbf5"
            ],
            "version": "==1.1.0"
        },
        "mako": {
            "hashes": [
                "sha256:04092940c0df49b01f43daea4f5adcecd0e50ef6a4b222be5ac003d5d84b2843"
            ],
            "version": "==1.0.8"
        },
        "markupsafe": {
            "hashes": [
                "sha256:00bc623926325b26bb9605ae9eae8a215691f33cae5df11ca5424f06f2d1f473",
                "sha256:09027a7803a62ca78792ad89403b1b7a73a01c8cb65909cd876f7fcebd79b161",
                "sha256:09c4b7f37d6c648cb13f9230d847adf22f8171b1ccc4d5682398e77f40309235",
                "sha256:1027c282dad077d0bae18be6794e6b6b8c91d58ed8a8d89a89d59693b9131db5",
                "sha256:24982cc2533820871eba85ba648cd53d8623687ff11cbb805be4ff7b4c971aff",
                "sha256:29872e92839765e546828bb7754a68c418d927cd064fd4708fab9fe9c8bb116b",
                "sha256:43a55c2930bbc139570ac2452adf3d70cdbb3cfe5912c71cdce1c2c6bbd9c5d1",
                "sha256:46c99d2de99945ec5cb54f23c8cd5689f6d7177305ebff350a58ce5f8de1669e",
                "sha256:500d4957e52ddc3351cabf489e79c91c17f6e0899158447047588650b5e69183",
                "sha256:535f6fc4d397c1563d08b88e485c3496cf5784e927af890fb3c3aac7f933ec66",
                "sha256:62fe6c95e3ec8a7fad637b7f3d372c15ec1caa01ab47926cfdf7a75b40e0eac1",
                "sha256:6dd73240d2af64df90aa7c4e7481e23825ea70af4b4922f8ede5b9e35f78a3b1",
                "sha256:717ba8fe3ae9cc0006d7c451f0bb265ee07739daf76355d06366154ee68d221e",
                "sha256:79855e1c5b8da654cf486b830bd42c06e8780cea587384cf6545b7d9ac013a0b",
                "sha256:7c1699dfe0cf8ff607dbdcc1e9b9af1755371f92a68f706051cc8c37d447c905",
                "sha256:88e5fcfb52ee7b911e8bb6d6aa2fd21fbecc674eadd44118a9cc3863f938e735",
                "sha256:8defac2f2ccd6805ebf65f5eeb132adcf2ab57aa11fdf4c0dd5169a004710e7d",
                "sha256:98c7086708b163d425c67c7a91bad6e466bb99d797aa64f965e9d25c12111a5e",
                "sha256:9add70b36c5666a2ed02b43b335fe19002ee5235efd4b8a89bfcf9005bebac0d",
                "sha256:9bf40443012702a1d2070043cb6291650a0841ece432556f784f004937f0f32c",
                "sha256:ade5e387d2ad0d7ebf59146cc00c8044acbd863725f887353a10df825fc8ae21",
                "sha256:b00c1de48212e4cc9603895652c5c410df699856a2853135b3967591e4beebc2",
                "sha256:b1282f8c00509d99fef04d8ba936b156d419be841854fe901d8ae224c59f0be5",
                "sha256:b2051432115498d3562c084a49bba65d97cf251f5a331c64a12ee7e04dacc51b",
                "sha256:ba59edeaa2fc6114428f1637ffff42da1e311e29382d81b339c1817d37ec93c6",
                "sha256:c8716a48d94b06bb3b2524c2b77e055fb313aeb4ea620c8dd03a105574ba704f",
                "sha256:cd5df75523866410809ca100dc9681e301e3c27567cf498077e8551b6d20e42f",
                "sha256:e249096428b3ae81b08327a63a485ad0878de3fb939049038579ac0ef61e17e7"
            ],
            "version": "==1.1.1"
        },
        "openpyxl": {
            "hashes": [
                "sha256:626d38647c063d55803ef4971c4d43226538d4e95cb6260c094e363ee33e10c7"
            ],
            "version": "==2.4.11"
        },
        "psycopg2-binary": {
            "hashes": [
                "sha256:163d3ee445a0b4c0109877da9e46271aacf4e5e3d60ae7368669555c30f13e7c",
                "sha256:1af0bfe7b0c13a0e613a27311fd4f9c5d024e8fc0f4b3d284e7df02a58a11fc0",
                "sha256:2169c3a1bf52d5b30cc98625b5919a964c571a32e8646be20be6c7e3e82079de",
                "sha256:218f079fa48e2ef812dc3d3ce6ec2f67ac56427ba4b038d5d6331f2cceb489c2",
                "sha256:26a958930687e94c4c6c73c171e4d4783b82ae4e16aa3424e6bcd4529bceedf0",
                "sha256:2c7c195aef3acdbc853942bc674844031a732890d2fee88a324298ed376b6c2b",
                "sha256:2ecdbfed7004669472bfa27c8d51012c717c241c7154ae17e4c8f93024043525",
                "sha256:345fc31b71a90ada1b51826537917b19a1af685a91c0f066787069c184d7d00f",
                "sha256:378a06649503f548be5f1e9eec2e94cc1d6138250b82a08dcc6151bca8cec107",
                "sha256:3f300bf2930e501dde09605de85cb2b84c2638e2c954be02a3c86f28176d3525",
                "sha256:6c2f66c653ce8bbd7e789d0f7f92c3f9fea881b55226f0ae5ee550cce9e3cf0e",
                "sha256:6fccbac2633831b877a8fbf865f7082d34895e82a015795a9f80f99a2efe2576",
                "sha256:7a166f8ccb6888358d3e67795b057540ea7caa71ab9e089b0cb0097f01088965",
                "sha256:8f6b84f887ec6fef6c1796779f8ec2603dc7e9ef52bc9269de719d4bcbdaebbb",
                "sha256:92cf3ceb7bb90cf35b8bd993c640b15d4832ba0e142a3b9da5006ef217da595d",
                "sha256:a20dfdf73f56da674926a3811929cff9fd23b9af90be9a6c36ac246a3486eef3",
                "sha256:a84415df4689251556c961e4fe3b25d30e32f00faa8064ce0909458dbe0d67b2",
                "sha256:ab1aa1cd50df3860f624c9713ee9e690eefd4e049d3a4d86577bab6e741e9616",
                "sha256:abc9dcf85e75a8687f2a6d560c0c1a2593e8e34ba6f9ad6721f8212c5de179a2",
                "sha256:c10454710a81a2f4b1ff4d1c83ac2cec63e0e55845a56324991514af5b1299d0",
                "sha256:c38f80719e4dfae7a6311a4f091f07f4fb2fb5d602352015d5639f63f8fabb68",
                "sha256:d75cf00605630b2cfefa5c62373c605dcda1cc0d607902847dbb8e8e9b67c1ce",
                "sha256:dce15cb6ef604c9e38fdaa848f58f83153ade9f4aa5e4cf5812aa27163561750",
                "sha256:e7e0db4311bb76bf3f6e0380f71912cfa6d0be7cc635e3772476050b0dabdabd",
                "sha256:eac59cae78dfe3fbf7ece25c170d7a152f88df7643381aa5e7344c2028a8d8d4",
                "sha256:ead7b3e1567bd14cacd44279c5e42cd19f54b9feed39180220253f4fbe3abd56",
                "sha256:ed772a5e8e7e5dd6bede960a86940c17cf653c7f158dafa5d52e919b676f10ba",
                "sha256:f2d73131acb94afa45de8b6b8a4bfb21bbe3736633d6478e53247f19dd8c299c"
            ],
            "index": "pypi",
            "version": "==2.8.1"
        },
        "pyasn1": {
            "hashes": [
                "sha256:da2420fe13a9452d8ae97a0e478adde1dee153b11ba832a95b223a2ba01c10f7",
                "sha256:da6b43a8c9ae93bc80e2739efb38cc776ba74a886e3e9318d65fe81a8b8a2c6e"
            ],
            "version": "==0.4.5"
        },
        "pybloom-live": {
            "hashes": [
                "sha256:a9a63982aa2c6bd4dc56fb1e7241f9152e24cc3ad7c6583e96522de2b95d95bd"
            ],
            "version": "==2.3.2"
        },
        "pycryptodome": {
            "hashes": [
                "sha256:02838a7184803c05710ccb4f3c9129fe26b2634f04daf017a3490d8be5f55b62",
                "sha256:04b710f55141c06388aa60d6d4a1d704b79f25b03fa9e61b0b1b9fcf0766e2ea",
                "sha256:0c54852415567fc53b656b528612d3f8084c127086c38370a2985fbac4892298",
                "sha256:0e59d4e06b0cdb57132387144051101eaa9bbde447b62db9660345d247212ff9",
                "sha256:134479b4f4743402e7e8740f1bf3d779efd95b467c2535c600332b55d0b34686",
                "sha256:1961a6cbd30926a812809efd0f17bd677f54857ac5fd0b0e2638ad4891407dd0",
                "sha256:1e8f2d1b97578f0950a46128cca8b2dc44f224c4c08309a66ca53c4a33839fdd",
                "sha256:213d360d5e145a2ff4d9d90afab9e2b2d99174114aa4b4c04888937730c7ef57",
                "sha256:24dc9a6bc59d4e4fb182197327db1e92e15c598729889132195b420dbcc48468",
                "sha256:3c24117d7fc65f5e299550abd7fa5c612813d0891b4db36d8b8cd02442674306",
                "sha256:432b19da6106785825cbcaea50a8c3846ec9cd4678702f89e02985d27a73a314",
                "sha256:5897e1e336c30274279f23a0f1ea81fdb43c51b514d6ac0f376ff835f420a33e",
                "sha256:68ad0ce4a374577a26bb7f458575abe3c2a342818b5280de6e5738870b7761b3",
                "sha256:68e50aa3230841dc296004e084ceb74225c92da951cff808122242af8a735501",
                "sha256:74bd385d89aca3f8860d56caadead5dcb9e1abdf5774739c4aa9fe3cf56bb34f",
                "sha256:783cffd29fb0dbf6498bd225c1b7194f8372258166c7585fb777075226b04b64",
                "sha256:933750922193899d5601404c0d0637c4da12593ac2c54a16ba841b8afef44c9b",
                "sha256:9871164f10b7bc87b88559b66e632528e766fcd0a84324a803860883b51f4c87",
                "sha256:99a2f931e1bf87c95e465bc74ef0276ce735f1def575d52b67e117f712a63243",
                "sha256:a53be389125c79728658bf42bf711a277c8ac1b3690d26303bb8b0a9217d8cb9",
                "sha256:a68e85d19a870d8f54d7d78fbdefac640bb694aca216223b5987456cdf4d50ff",
                "sha256:ae4070cfa271f78e9f74cde4f6b8c3869facfa4749b96e9bc7fbd1959d75f167",
                "sha256:b3d3215c5a3392a6c1f537d38c13e014d93f9b33277048f06c7ede4c6926b8bd",
                "sha256:df1d5540021b79230cfe8f80bb1f13ee1a626eab10161a26784b78c122c845db",
                "sha256:dfdca3079aac696a25edb9a0b59595b9b776426f61587bf5a974596da217834e",
                "sha256:e874188bb9c274de2dcc0995e885f15732fd0a43c7ef581eff54eef2b11d83c7",
                "sha256:e9ff57287d899d2c4e17e523ac46d1e90902f3b36a81f0e6817238ff0219597f",
                "sha256:ecb7718fc0087a67023fb4a78dd8ebb883d66c49f0465ad656b3213bb1841631"
            ],
            "markers": "extra == 'pycryptodome'",
            "version": "==3.8.1"
        },
        "python-dateutil": {
            "hashes": [
                "sha256:7e6584c74aeed623791615e26efd690f29817a27c73085b78e4bad02493df2fb",
                "sha256:c89805f6f4d64db21ed966fda138f8a5ed7a4fdbc1a8ee329ce1b74e3c74da9e"
            ],
            "version": "==2.8.0"
        },
        "python-editor": {
            "hashes": [
                "sha256:1bf6e860a8ad52a14c3ee1252d5dc25b2030618ed80c022598f00176adc8367d",
                "sha256:51fda6bcc5ddbbb7063b2af7509e43bd84bfc32a4ff71349ec7847713882327b",
                "sha256:5f98b069316ea1c2ed3f67e7f5df6c0d8f10b689964a4a811ff64f0106819ec8"
            ],
            "version": "==1.0.4"
        },
        "python-jose": {
            "extras": [
                "pycryptodome"
            ],
            "hashes": [
                "sha256:29701d998fe560e52f17246c3213a882a4a39da7e42c7015bcc1f7823ceaff1c",
                "sha256:ed7387f0f9af2ea0ddc441d83a6eb47a5909bd0c8a72ac3250e75afec2cc1371"
            ],
            "version": "==3.0.1"
        },
        "pytz": {
            "hashes": [
                "sha256:303879e36b721603cc54604edcac9d20401bdbe31e1e4fdee5b9f98d5d31dfda",
                "sha256:d747dd3d23d77ef44c6a3526e274af6efeb0a6f1afd5a69ba4d5be4098c8e141"
            ],
            "version": "==2019.1"
        },
        "requests": {
            "hashes": [
                "sha256:502a824f31acdacb3a35b6690b5fbf0bc41d63a24a45c4004352b0242707598e",
                "sha256:7bf2a778576d825600030a110f3c0e3e8edc51dfaafe1c146e39a2027784957b"
            ],
            "version": "==2.21.0"
        },
        "rfc3986": {
            "hashes": [
                "sha256:5ad82677b02b88c8d24f6511b4ee9baa5e7da675599b479fbbc5c9c578b5b737",
                "sha256:bc3ae4b7cd88a99eff2d3900fcb858d44562fd7f273fc07aeef568b9bb6fc4e1"
            ],
            "version": "==1.2.0"
        },
        "rsa": {
            "hashes": [
                "sha256:14ba45700ff1ec9eeb206a2ce76b32814958a98e372006c8fb76ba820211be66",
                "sha256:1a836406405730121ae9823e19c6e806c62bbad73f890574fff50efa4122c487"
            ],
            "version": "==4.0"
        },
        "six": {
            "hashes": [
                "sha256:3350809f0555b11f552448330d0b52d5f24c91a322ea4a15ef22629740f3761c",
                "sha256:d16a0141ec1a18405cd4ce8b4613101da75da0e9a7aec5bdd4fa804d0e0eba73"
            ],
            "version": "==1.12.0"
        },
        "sqlalchemy": {
            "hashes": [
                "sha256:d5432832f91d200c3d8b473a266d59442d825f9ea744c467e68c5d9a9479fbce"
            ],
            "version": "==1.3.2"
        },
        "tableschema": {
            "hashes": [
                "sha256:5ef4284b6e8d1639d182c85f03284ed874584244f320d46c74250c9f23ca65d2",
                "sha256:cb52928b8a3546f1846039239b6d2e6ef3219456fdfc3b3b4069d5f349e89482"
            ],
            "index": "pypi",
            "version": "==1.4.0"
        },
        "tableschema-sql": {
            "hashes": [
                "sha256:25361fc7f6050fcd3a9c227204667e4f0392326d7205659eb47f99e08d97703e",
                "sha256:b1e555b5ba8e76ca55c1fe2b4023210aa70c86ac2f929ee460b2a01430458b22"
            ],
            "index": "pypi",
            "version": "==0.10.4"
        },
        "tabulator": {
            "hashes": [
                "sha256:1a769fa2103d44d4db805f8105eb6f0d2a082b0d654409f73533966dd5eafa35",
                "sha256:bcc401c4fd22e9cd4acd75e40a12d0374c7e1c4183945acc1e12145a6006d194"
            ],
            "version": "==1.19.1"
        },
        "unicodecsv": {
            "hashes": [
                "sha256:018c08037d48649a0412063ff4eda26eaa81eff1546dbffa51fa5293276ff7fc"
            ],
            "version": "==0.14.1"
        },
        "urllib3": {
            "hashes": [
                "sha256:61bf29cada3fc2fbefad4fdf059ea4bd1b4a86d2b6d15e1c7c0b582b9752fe39",
                "sha256:de9529817c93f27c8ccbfead6985011db27bd0ddfcdb2d86f3f663385c6a9c22"
            ],
            "version": "==1.24.1"
        },
        "werkzeug": {
            "hashes": [
                "sha256:0a73e8bb2ff2feecfc5d56e6f458f5b99290ef34f565ffb2665801ff7de6af7a",
                "sha256:7fad9770a8778f9576693f0cc29c7dcc36964df916b83734f4431c0e612a7fbc"
            ],
            "version": "==0.15.2"
        },
        "xlrd": {
            "hashes": [
                "sha256:546eb36cee8db40c3eaa46c351e67ffee6eeb5fa2650b71bc4c758a29a1b29b2",
                "sha256:e551fb498759fa3a5384a94ccd4c3c02eb7c00ea424426e212ac0c57be9dfbde"
            ],
            "version": "==1.2.0"
        }
    },
    "develop": {
        "alabaster": {
            "hashes": [
                "sha256:446438bdcca0e05bd45ea2de1668c1d9b032e1a9154c2c259092d77031ddd359",
                "sha256:a661d72d58e6ea8a57f7a86e37d86716863ee5e92788398526d58b26a4e4dc02"
            ],
            "version": "==0.7.12"
        },
        "atomicwrites": {
            "hashes": [
                "sha256:03472c30eb2c5d1ba9227e4c2ca66ab8287fbfbbda3888aa93dc2e28fc6811b4",
                "sha256:75a9445bac02d8d058d5e1fe689654ba5a6556a1dfd8ce6ec55a0ed79866cfa6"
            ],
            "version": "==1.3.0"
        },
        "attrs": {
            "hashes": [
                "sha256:69c0dbf2ed392de1cb5ec704444b08a5ef81680a61cb899dc08127123af36a79",
                "sha256:f0b870f674851ecbfbbbd364d6b5cbdff9dcedbc7f3f5e18a6891057f21fe399"
            ],
            "version": "==19.1.0"
        },
        "autopep8": {
            "hashes": [
                "sha256:33d2b5325b7e1afb4240814fe982eea3a92ebea712869bfd08b3c0393404248c"
            ],
            "index": "pypi",
            "version": "==1.4.3"
        },
        "babel": {
            "hashes": [
                "sha256:6778d85147d5d85345c14a26aada5e478ab04e39b078b0745ee6870c2b5cf669",
                "sha256:8cba50f48c529ca3fa18cf81fa9403be176d374ac4d60738b839122dfaaa3d23"
            ],
            "version": "==2.6.0"
        },
        "certifi": {
            "hashes": [
                "sha256:59b7658e26ca9c7339e00f8f4636cdfe59d34fa37b9b04f6f9e9926b3cece1a5",
                "sha256:b26104d6835d1f5e49452a26eb2ff87fe7090b89dfcaee5ea2212697e1e1d7ae"
            ],
            "version": "==2019.3.9"
        },
        "chardet": {
            "hashes": [
                "sha256:84ab92ed1c4d4f16916e05906b6b75a6c0fb5db821cc65e70cbd64a3e2a5eaae",
                "sha256:fc323ffcaeaed0e0a02bf4d117757b98aed530d9ed4531e3e15460124c106691"
            ],
            "version": "==3.0.4"
        },
        "coverage": {
            "hashes": [
                "sha256:3684fabf6b87a369017756b551cef29e505cb155ddb892a7a29277b978da88b9",
                "sha256:39e088da9b284f1bd17c750ac672103779f7954ce6125fd4382134ac8d152d74",
                "sha256:3c205bc11cc4fcc57b761c2da73b9b72a59f8d5ca89979afb0c1c6f9e53c7390",
                "sha256:465ce53a8c0f3a7950dfb836438442f833cf6663d407f37d8c52fe7b6e56d7e8",
                "sha256:48020e343fc40f72a442c8a1334284620f81295256a6b6ca6d8aa1350c763bbe",
                "sha256:5296fc86ab612ec12394565c500b412a43b328b3907c0d14358950d06fd83baf",
                "sha256:5f61bed2f7d9b6a9ab935150a6b23d7f84b8055524e7be7715b6513f3328138e",
                "sha256:68a43a9f9f83693ce0414d17e019daee7ab3f7113a70c79a3dd4c2f704e4d741",
                "sha256:6b8033d47fe22506856fe450470ccb1d8ba1ffb8463494a15cfc96392a288c09",
                "sha256:7ad7536066b28863e5835e8cfeaa794b7fe352d99a8cded9f43d1161be8e9fbd",
                "sha256:7bacb89ccf4bedb30b277e96e4cc68cd1369ca6841bde7b005191b54d3dd1034",
                "sha256:839dc7c36501254e14331bcb98b27002aa415e4af7ea039d9009409b9d2d5420",
                "sha256:8f9a95b66969cdea53ec992ecea5406c5bd99c9221f539bca1e8406b200ae98c",
                "sha256:932c03d2d565f75961ba1d3cec41ddde00e162c5b46d03f7423edcb807734eab",
                "sha256:988529edadc49039d205e0aa6ce049c5ccda4acb2d6c3c5c550c17e8c02c05ba",
                "sha256:998d7e73548fe395eeb294495a04d38942edb66d1fa61eb70418871bc621227e",
                "sha256:9de60893fb447d1e797f6bf08fdf0dbcda0c1e34c1b06c92bd3a363c0ea8c609",
                "sha256:9e80d45d0c7fcee54e22771db7f1b0b126fb4a6c0a2e5afa72f66827207ff2f2",
                "sha256:a545a3dfe5082dc8e8c3eb7f8a2cf4f2870902ff1860bd99b6198cfd1f9d1f49",
                "sha256:a5d8f29e5ec661143621a8f4de51adfb300d7a476224156a39a392254f70687b",
                "sha256:aca06bfba4759bbdb09bf52ebb15ae20268ee1f6747417837926fae990ebc41d",
                "sha256:bb23b7a6fd666e551a3094ab896a57809e010059540ad20acbeec03a154224ce",
                "sha256:bfd1d0ae7e292105f29d7deaa9d8f2916ed8553ab9d5f39ec65bcf5deadff3f9",
                "sha256:c62ca0a38958f541a73cf86acdab020c2091631c137bd359c4f5bddde7b75fd4",
                "sha256:c709d8bda72cf4cd348ccec2a4881f2c5848fd72903c185f363d361b2737f773",
                "sha256:c968a6aa7e0b56ecbd28531ddf439c2ec103610d3e2bf3b75b813304f8cb7723",
                "sha256:df785d8cb80539d0b55fd47183264b7002077859028dfe3070cf6359bf8b2d9c",
                "sha256:f406628ca51e0ae90ae76ea8398677a921b36f0bd71aab2099dfed08abd0322f",
                "sha256:f46087bbd95ebae244a0eda01a618aff11ec7a069b15a3ef8f6b520db523dcf1",
                "sha256:f8019c5279eb32360ca03e9fac40a12667715546eed5c5eb59eb381f2f501260",
                "sha256:fc5f4d209733750afd2714e9109816a29500718b32dd9a5db01c0cb3a019b96a"
            ],
            "version": "==4.5.3"
        },
        "docutils": {
            "hashes": [
                "sha256:02aec4bd92ab067f6ff27a38a38a41173bf01bed8f89157768c1573f53e474a6",
                "sha256:51e64ef2ebfb29cae1faa133b3710143496eca21c530f3f71424d77687764274",
                "sha256:7a4bd47eaf6596e1295ecb11361139febe29b084a87bf005bf899f9a42edc3c6"
            ],
            "version": "==0.14"
        },
        "idna": {
            "hashes": [
                "sha256:c357b3f628cf53ae2c4c05627ecc484553142ca23264e593d327bcde5e9c3407",
                "sha256:ea8b7f6188e6fa117537c3df7da9fc686d485087abf6ac197f9c46432f7e4a3c"
            ],
            "version": "==2.8"
        },
        "imagesize": {
            "hashes": [
                "sha256:3f349de3eb99145973fefb7dbe38554414e5c30abd0c8e4b970a7c9d09f3a1d8",
                "sha256:f3832918bc3c66617f92e35f5d70729187676313caa60c187eb0f28b8fe5e3b5"
            ],
            "version": "==1.1.0"
        },
        "jinja2": {
            "hashes": [
                "sha256:065c4f02ebe7f7cf559e49ee5a95fb800a9e4528727aec6f24402a5374c65013",
                "sha256:14dd6caf1527abb21f08f86c784eac40853ba93edb79552aa1e4b8aef1b61c7b"
            ],
            "version": "==2.10.1"
        },
        "markupsafe": {
            "hashes": [
                "sha256:00bc623926325b26bb9605ae9eae8a215691f33cae5df11ca5424f06f2d1f473",
                "sha256:09027a7803a62ca78792ad89403b1b7a73a01c8cb65909cd876f7fcebd79b161",
                "sha256:09c4b7f37d6c648cb13f9230d847adf22f8171b1ccc4d5682398e77f40309235",
                "sha256:1027c282dad077d0bae18be6794e6b6b8c91d58ed8a8d89a89d59693b9131db5",
                "sha256:24982cc2533820871eba85ba648cd53d8623687ff11cbb805be4ff7b4c971aff",
                "sha256:29872e92839765e546828bb7754a68c418d927cd064fd4708fab9fe9c8bb116b",
                "sha256:43a55c2930bbc139570ac2452adf3d70cdbb3cfe5912c71cdce1c2c6bbd9c5d1",
                "sha256:46c99d2de99945ec5cb54f23c8cd5689f6d7177305ebff350a58ce5f8de1669e",
                "sha256:500d4957e52ddc3351cabf489e79c91c17f6e0899158447047588650b5e69183",
                "sha256:535f6fc4d397c1563d08b88e485c3496cf5784e927af890fb3c3aac7f933ec66",
                "sha256:62fe6c95e3ec8a7fad637b7f3d372c15ec1caa01ab47926cfdf7a75b40e0eac1",
                "sha256:6dd73240d2af64df90aa7c4e7481e23825ea70af4b4922f8ede5b9e35f78a3b1",
                "sha256:717ba8fe3ae9cc0006d7c451f0bb265ee07739daf76355d06366154ee68d221e",
                "sha256:79855e1c5b8da654cf486b830bd42c06e8780cea587384cf6545b7d9ac013a0b",
                "sha256:7c1699dfe0cf8ff607dbdcc1e9b9af1755371f92a68f706051cc8c37d447c905",
                "sha256:88e5fcfb52ee7b911e8bb6d6aa2fd21fbecc674eadd44118a9cc3863f938e735",
                "sha256:8defac2f2ccd6805ebf65f5eeb132adcf2ab57aa11fdf4c0dd5169a004710e7d",
                "sha256:98c7086708b163d425c67c7a91bad6e466bb99d797aa64f965e9d25c12111a5e",
                "sha256:9add70b36c5666a2ed02b43b335fe19002ee5235efd4b8a89bfcf9005bebac0d",
                "sha256:9bf40443012702a1d2070043cb6291650a0841ece432556f784f004937f0f32c",
                "sha256:ade5e387d2ad0d7ebf59146cc00c8044acbd863725f887353a10df825fc8ae21",
                "sha256:b00c1de48212e4cc9603895652c5c410df699856a2853135b3967591e4beebc2",
                "sha256:b1282f8c00509d99fef04d8ba936b156d419be841854fe901d8ae224c59f0be5",
                "sha256:b2051432115498d3562c084a49bba65d97cf251f5a331c64a12ee7e04dacc51b",
                "sha256:ba59edeaa2fc6114428f1637ffff42da1e311e29382d81b339c1817d37ec93c6",
                "sha256:c8716a48d94b06bb3b2524c2b77e055fb313aeb4ea620c8dd03a105574ba704f",
                "sha256:cd5df75523866410809ca100dc9681e301e3c27567cf498077e8551b6d20e42f",
                "sha256:e249096428b3ae81b08327a63a485ad0878de3fb939049038579ac0ef61e17e7"
            ],
            "version": "==1.1.1"
        },
        "more-itertools": {
            "hashes": [
                "sha256:2112d2ca570bb7c3e53ea1a35cd5df42bb0fd10c45f0fb97178679c3c03d64c7",
                "sha256:c3e4748ba1aad8dba30a4886b0b1a2004f9a863837b8654e7059eebf727afa5a"
            ],
            "markers": "python_version > '2.7'",
            "version": "==7.0.0"
        },
        "packaging": {
            "hashes": [
                "sha256:0c98a5d0be38ed775798ece1b9727178c4469d9c3b4ada66e8e6b7849f8732af",
                "sha256:9e1cbf8c12b1f1ce0bb5344b8d7ecf66a6f8a6e91bcb0c84593ed6d3ab5c4ab3"
            ],
            "version": "==19.0"
        },
        "pluggy": {
            "hashes": [
                "sha256:19ecf9ce9db2fce065a7a0586e07cfb4ac8614fe96edf628a264b1c70116cf8f",
                "sha256:84d306a647cc805219916e62aab89caa97a33a1dd8c342e87a37f91073cd4746"
            ],
            "version": "==0.9.0"
        },
        "py": {
            "hashes": [
                "sha256:64f65755aee5b381cea27766a3a147c3f15b9b6b9ac88676de66ba2ae36793fa",
                "sha256:dc639b046a6e2cff5bbe40194ad65936d6ba360b52b3c3fe1d08a82dd50b5e53"
            ],
            "version": "==1.8.0"
        },
        "pycodestyle": {
            "hashes": [
                "sha256:95a2219d12372f05704562a14ec30bc76b05a5b297b21a5dfe3f6fac3491ae56",
                "sha256:e40a936c9a450ad81df37f549d676d127b1b66000a6c500caa2b085bc0ca976c"
            ],
            "index": "pypi",
            "version": "==2.5.0"
        },
        "pygments": {
            "hashes": [
                "sha256:5ffada19f6203563680669ee7f53b64dabbeb100eb51b61996085e99c03b284a",
                "sha256:e8218dd399a61674745138520d0d4cf2621d7e032439341bc3f647bff125818d"
            ],
            "version": "==2.3.1"
        },
        "pyparsing": {
            "hashes": [
                "sha256:1873c03321fc118f4e9746baf201ff990ceb915f433f23b395f5580d1840cb2a",
                "sha256:9b6323ef4ab914af344ba97510e966d64ba91055d6b9afa6b30799340e89cc03"
            ],
            "version": "==2.4.0"
        },
        "pytest": {
            "hashes": [
                "sha256:13c5e9fb5ec5179995e9357111ab089af350d788cbc944c628f3cde72285809b",
                "sha256:f21d2f1fb8200830dcbb5d8ec466a9c9120e20d8b53c7585d180125cce1d297a"
            ],
            "index": "pypi",
            "version": "==4.4.0"
        },
        "pytest-cov": {
            "hashes": [
                "sha256:0ab664b25c6aa9716cbf203b17ddb301932383046082c081b9848a0edf5add33",
                "sha256:230ef817450ab0699c6cc3c9c8f7a829c34674456f2ed8df1fe1d39780f7c87f"
            ],
            "index": "pypi",
            "version": "==2.6.1"
        },
        "pytz": {
            "hashes": [
                "sha256:303879e36b721603cc54604edcac9d20401bdbe31e1e4fdee5b9f98d5d31dfda",
                "sha256:d747dd3d23d77ef44c6a3526e274af6efeb0a6f1afd5a69ba4d5be4098c8e141"
            ],
            "version": "==2019.1"
        },
        "requests": {
            "hashes": [
                "sha256:502a824f31acdacb3a35b6690b5fbf0bc41d63a24a45c4004352b0242707598e",
                "sha256:7bf2a778576d825600030a110f3c0e3e8edc51dfaafe1c146e39a2027784957b"
            ],
            "version": "==2.21.0"
        },
        "six": {
            "hashes": [
                "sha256:3350809f0555b11f552448330d0b52d5f24c91a322ea4a15ef22629740f3761c",
                "sha256:d16a0141ec1a18405cd4ce8b4613101da75da0e9a7aec5bdd4fa804d0e0eba73"
            ],
            "version": "==1.12.0"
        },
        "snowballstemmer": {
            "hashes": [
                "sha256:919f26a68b2c17a7634da993d91339e288964f93c274f1343e3bbbe2096e1128",
                "sha256:9f3bcd3c401c3e862ec0ebe6d2c069ebc012ce142cce209c098ccb5b09136e89"
            ],
            "version": "==1.2.1"
        },
        "sphinx": {
            "hashes": [
                "sha256:423280646fb37944dd3c85c58fb92a20d745793a9f6c511f59da82fa97cd404b",
                "sha256:de930f42600a4fef993587633984cc5027dedba2464bcf00ddace26b40f8d9ce"
            ],
            "index": "pypi",
            "version": "==2.0.1"
        },
        "sphinxcontrib-applehelp": {
            "hashes": [
                "sha256:edaa0ab2b2bc74403149cb0209d6775c96de797dfd5b5e2a71981309efab3897",
                "sha256:fb8dee85af95e5c30c91f10e7eb3c8967308518e0f7488a2828ef7bc191d0d5d"
            ],
            "version": "==1.0.1"
        },
        "sphinxcontrib-devhelp": {
            "hashes": [
                "sha256:6c64b077937330a9128a4da74586e8c2130262f014689b4b89e2d08ee7294a34",
                "sha256:9512ecb00a2b0821a146736b39f7aeb90759834b07e81e8cc23a9c70bacb9981"
            ],
            "version": "==1.0.1"
        },
        "sphinxcontrib-htmlhelp": {
            "hashes": [
                "sha256:4670f99f8951bd78cd4ad2ab962f798f5618b17675c35c5ac3b2132a14ea8422",
                "sha256:d4fd39a65a625c9df86d7fa8a2d9f3cd8299a3a4b15db63b50aac9e161d8eff7"
            ],
            "version": "==1.0.2"
        },
        "sphinxcontrib-jsmath": {
            "hashes": [
                "sha256:2ec2eaebfb78f3f2078e73666b1415417a116cc848b72e5172e596c871103178",
                "sha256:a9925e4a4587247ed2191a22df5f6970656cb8ca2bd6284309578f2153e0c4b8"
            ],
            "version": "==1.0.1"
        },
        "sphinxcontrib-qthelp": {
            "hashes": [
                "sha256:513049b93031beb1f57d4daea74068a4feb77aa5630f856fcff2e50de14e9a20",
                "sha256:79465ce11ae5694ff165becda529a600c754f4bc459778778c7017374d4d406f"
            ],
            "version": "==1.0.2"
        },
        "sphinxcontrib-serializinghtml": {
            "hashes": [
                "sha256:c0efb33f8052c04fd7a26c0a07f1678e8512e0faec19f4aa8f2473a8b81d5227",
                "sha256:db6615af393650bf1151a6cd39120c29abaf93cc60db8c48eb2dddbfdc3a9768"
            ],
            "version": "==1.1.3"
        },
        "urllib3": {
            "hashes": [
                "sha256:61bf29cada3fc2fbefad4fdf059ea4bd1b4a86d2b6d15e1c7c0b582b9752fe39",
                "sha256:de9529817c93f27c8ccbfead6985011db27bd0ddfcdb2d86f3f663385c6a9c22"
            ],
            "version": "==1.24.1"
        }
    }
}
